# This file is automatically @generated by Cargo.
# It is not intended for manual editing.
version = 3

[[package]]
name = "minigrep"
version = "0.1.0"
dependencies = [
 "minigrep-config",
 "minigrep-core",
]

[[package]]
name = "minigrep-config"
version = "0.1.0"

[[package]]
name = "minigrep-core"
version = "0.1.0"
dependencies = [
 "minigrep-config",
]
